// !$*UTF8*$!
{
	archiveVersion = 1;
	classes = {
	};
	objectVersion = 55;
	objects = {

/* Begin PBXBuildFile section */
		F72E2C0428C27F2900A69989 /* AppDelegate.swift in Sources */ = {isa = PBXBuildFile; fileRef = F72E2C0328C27F2900A69989 /* AppDelegate.swift */; };
		F72E2C0628C27F2900A69989 /* SceneDelegate.swift in Sources */ = {isa = PBXBuildFile; fileRef = F72E2C0528C27F2900A69989 /* SceneDelegate.swift */; };
		F72E2C0E28C27F2A00A69989 /* ShoppingList.xcdatamodeld in Sources */ = {isa = PBXBuildFile; fileRef = F72E2C0C28C27F2A00A69989 /* ShoppingList.xcdatamodeld */; };
		F72E2C1028C27F2F00A69989 /* Assets.xcassets in Resources */ = {isa = PBXBuildFile; fileRef = F72E2C0F28C27F2F00A69989 /* Assets.xcassets */; };
		F72E2C1328C27F2F00A69989 /* LaunchScreen.storyboard in Resources */ = {isa = PBXBuildFile; fileRef = F72E2C1128C27F2F00A69989 /* LaunchScreen.storyboard */; };
		F72E2C1F28C2800F00A69989 /* ContainerViewController.swift in Sources */ = {isa = PBXBuildFile; fileRef = F72E2C1E28C2800F00A69989 /* ContainerViewController.swift */; };
		F72E2C2328C2804500A69989 /* MenuViewControllerDelegate.swift in Sources */ = {isa = PBXBuildFile; fileRef = F72E2C2228C2804500A69989 /* MenuViewControllerDelegate.swift */; };
		F72E2C2528C2808500A69989 /* MenuViewController.swift in Sources */ = {isa = PBXBuildFile; fileRef = F72E2C2428C2808500A69989 /* MenuViewController.swift */; };
		F72E2C2928C280F900A69989 /* CategoriesViewController.swift in Sources */ = {isa = PBXBuildFile; fileRef = F72E2C2828C280F900A69989 /* CategoriesViewController.swift */; };
		F72E2C2B28C2811900A69989 /* ImagesViewController.swift in Sources */ = {isa = PBXBuildFile; fileRef = F72E2C2A28C2811900A69989 /* ImagesViewController.swift */; };
		F72E2C2D28C28B6800A69989 /* ShoppingListViewController.swift in Sources */ = {isa = PBXBuildFile; fileRef = F72E2C2C28C28B6800A69989 /* ShoppingListViewController.swift */; };
		F72E2C2F28C28B9500A69989 /* ShoppingListViewControllerDelegate.swift in Sources */ = {isa = PBXBuildFile; fileRef = F72E2C2E28C28B9500A69989 /* ShoppingListViewControllerDelegate.swift */; };
		F72E2C3128C3279400A69989 /* ShoppingListViewModel.swift in Sources */ = {isa = PBXBuildFile; fileRef = F72E2C3028C3279400A69989 /* ShoppingListViewModel.swift */; };
		F72E2C3528C335B800A69989 /* ShoppingListViewModelDelegate.swift in Sources */ = {isa = PBXBuildFile; fileRef = F72E2C3428C335B800A69989 /* ShoppingListViewModelDelegate.swift */; };
		F72E2C3B28C45D0600A69989 /* ShoppingListsManager.swift in Sources */ = {isa = PBXBuildFile; fileRef = F72E2C3A28C45D0600A69989 /* ShoppingListsManager.swift */; };
		F72E2C3D28C45D2300A69989 /* ItemsManager.swift in Sources */ = {isa = PBXBuildFile; fileRef = F72E2C3C28C45D2300A69989 /* ItemsManager.swift */; };
		F72E2C3F28C45D3400A69989 /* ImagesManager.swift in Sources */ = {isa = PBXBuildFile; fileRef = F72E2C3E28C45D3400A69989 /* ImagesManager.swift */; };
		F72E2C4128C45D4F00A69989 /* CategoriesManager.swift in Sources */ = {isa = PBXBuildFile; fileRef = F72E2C4028C45D4F00A69989 /* CategoriesManager.swift */; };
		F72E2C4328C45D8A00A69989 /* CoraDataManagerDelegate.swift in Sources */ = {isa = PBXBuildFile; fileRef = F72E2C4228C45D8A00A69989 /* CoraDataManagerDelegate.swift */; };
		F72E2C4528C471C900A69989 /* UIViewController+Ext.swift in Sources */ = {isa = PBXBuildFile; fileRef = F72E2C4428C471C900A69989 /* UIViewController+Ext.swift */; };
		F72E2C4728C4976000A69989 /* ShoppingListTableViewCell.swift in Sources */ = {isa = PBXBuildFile; fileRef = F72E2C4628C4976000A69989 /* ShoppingListTableViewCell.swift */; };
/* End PBXBuildFile section */

/* Begin PBXFileReference section */
		F72E2C0028C27F2900A69989 /* ShoppingList.app */ = {isa = PBXFileReference; explicitFileType = wrapper.application; includeInIndex = 0; path = ShoppingList.app; sourceTree = BUILT_PRODUCTS_DIR; };
		F72E2C0328C27F2900A69989 /* AppDelegate.swift */ = {isa = PBXFileReference; lastKnownFileType = sourcecode.swift; path = AppDelegate.swift; sourceTree = "<group>"; };
		F72E2C0528C27F2900A69989 /* SceneDelegate.swift */ = {isa = PBXFileReference; lastKnownFileType = sourcecode.swift; path = SceneDelegate.swift; sourceTree = "<group>"; };
		F72E2C0D28C27F2A00A69989 /* ShoppingList.xcdatamodel */ = {isa = PBXFileReference; lastKnownFileType = wrapper.xcdatamodel; path = ShoppingList.xcdatamodel; sourceTree = "<group>"; };
		F72E2C0F28C27F2F00A69989 /* Assets.xcassets */ = {isa = PBXFileReference; lastKnownFileType = folder.assetcatalog; path = Assets.xcassets; sourceTree = "<group>"; };
		F72E2C1228C27F2F00A69989 /* Base */ = {isa = PBXFileReference; lastKnownFileType = file.storyboard; name = Base; path = Base.lproj/LaunchScreen.storyboard; sourceTree = "<group>"; };
		F72E2C1428C27F2F00A69989 /* Info.plist */ = {isa = PBXFileReference; lastKnownFileType = text.plist.xml; path = Info.plist; sourceTree = "<group>"; };
		F72E2C1E28C2800F00A69989 /* ContainerViewController.swift */ = {isa = PBXFileReference; lastKnownFileType = sourcecode.swift; path = ContainerViewController.swift; sourceTree = "<group>"; };
		F72E2C2228C2804500A69989 /* MenuViewControllerDelegate.swift */ = {isa = PBXFileReference; lastKnownFileType = sourcecode.swift; path = MenuViewControllerDelegate.swift; sourceTree = "<group>"; };
		F72E2C2428C2808500A69989 /* MenuViewController.swift */ = {isa = PBXFileReference; lastKnownFileType = sourcecode.swift; path = MenuViewController.swift; sourceTree = "<group>"; };
		F72E2C2828C280F900A69989 /* CategoriesViewController.swift */ = {isa = PBXFileReference; lastKnownFileType = sourcecode.swift; path = CategoriesViewController.swift; sourceTree = "<group>"; };
		F72E2C2A28C2811900A69989 /* ImagesViewController.swift */ = {isa = PBXFileReference; lastKnownFileType = sourcecode.swift; path = ImagesViewController.swift; sourceTree = "<group>"; };
		F72E2C2C28C28B6800A69989 /* ShoppingListViewController.swift */ = {isa = PBXFileReference; lastKnownFileType = sourcecode.swift; path = ShoppingListViewController.swift; sourceTree = "<group>"; };
		F72E2C2E28C28B9500A69989 /* ShoppingListViewControllerDelegate.swift */ = {isa = PBXFileReference; lastKnownFileType = sourcecode.swift; path = ShoppingListViewControllerDelegate.swift; sourceTree = "<group>"; };
		F72E2C3028C3279400A69989 /* ShoppingListViewModel.swift */ = {isa = PBXFileReference; lastKnownFileType = sourcecode.swift; path = ShoppingListViewModel.swift; sourceTree = "<group>"; };
		F72E2C3428C335B800A69989 /* ShoppingListViewModelDelegate.swift */ = {isa = PBXFileReference; lastKnownFileType = sourcecode.swift; path = ShoppingListViewModelDelegate.swift; sourceTree = "<group>"; };
		F72E2C3A28C45D0600A69989 /* ShoppingListsManager.swift */ = {isa = PBXFileReference; lastKnownFileType = sourcecode.swift; path = ShoppingListsManager.swift; sourceTree = "<group>"; };
		F72E2C3C28C45D2300A69989 /* ItemsManager.swift */ = {isa = PBXFileReference; lastKnownFileType = sourcecode.swift; path = ItemsManager.swift; sourceTree = "<group>"; };
		F72E2C3E28C45D3400A69989 /* ImagesManager.swift */ = {isa = PBXFileReference; lastKnownFileType = sourcecode.swift; path = ImagesManager.swift; sourceTree = "<group>"; };
		F72E2C4028C45D4F00A69989 /* CategoriesManager.swift */ = {isa = PBXFileReference; lastKnownFileType = sourcecode.swift; path = CategoriesManager.swift; sourceTree = "<group>"; };
		F72E2C4228C45D8A00A69989 /* CoraDataManagerDelegate.swift */ = {isa = PBXFileReference; lastKnownFileType = sourcecode.swift; path = CoraDataManagerDelegate.swift; sourceTree = "<group>"; };
		F72E2C4428C471C900A69989 /* UIViewController+Ext.swift */ = {isa = PBXFileReference; lastKnownFileType = sourcecode.swift; path = "UIViewController+Ext.swift"; sourceTree = "<group>"; };
		F72E2C4628C4976000A69989 /* ShoppingListTableViewCell.swift */ = {isa = PBXFileReference; lastKnownFileType = sourcecode.swift; path = ShoppingListTableViewCell.swift; sourceTree = "<group>"; };
/* End PBXFileReference section */

/* Begin PBXFrameworksBuildPhase section */
		F72E2BFD28C27F2900A69989 /* Frameworks */ = {
			isa = PBXFrameworksBuildPhase;
			buildActionMask = 2147483647;
			files = (
			);
			runOnlyForDeploymentPostprocessing = 0;
		};
/* End PBXFrameworksBuildPhase section */

/* Begin PBXGroup section */
		F72E2BF728C27F2900A69989 = {
			isa = PBXGroup;
			children = (
				F72E2C0228C27F2900A69989 /* ShoppingList */,
				F72E2C0128C27F2900A69989 /* Products */,
			);
			sourceTree = "<group>";
		};
		F72E2C0128C27F2900A69989 /* Products */ = {
			isa = PBXGroup;
			children = (
				F72E2C0028C27F2900A69989 /* ShoppingList.app */,
			);
			name = Products;
			sourceTree = "<group>";
		};
		F72E2C0228C27F2900A69989 /* ShoppingList */ = {
			isa = PBXGroup;
			children = (
				F72E2C0328C27F2900A69989 /* AppDelegate.swift */,
				F72E2C0528C27F2900A69989 /* SceneDelegate.swift */,
				F72E2C1D28C27FD600A69989 /* Protocols */,
				F72E2C1C28C27F8A00A69989 /* Helper */,
				F72E2C1B28C27F7E00A69989 /* ViewModel */,
				F72E2C1A28C27F7600A69989 /* View */,
				F72E2C0F28C27F2F00A69989 /* Assets.xcassets */,
				F72E2C1128C27F2F00A69989 /* LaunchScreen.storyboard */,
				F72E2C1428C27F2F00A69989 /* Info.plist */,
				F72E2C0C28C27F2A00A69989 /* ShoppingList.xcdatamodeld */,
			);
			path = ShoppingList;
			sourceTree = "<group>";
		};
		F72E2C1A28C27F7600A69989 /* View */ = {
			isa = PBXGroup;
			children = (
				F72E2C1E28C2800F00A69989 /* ContainerViewController.swift */,
				F72E2C2428C2808500A69989 /* MenuViewController.swift */,
				F72E2C2828C280F900A69989 /* CategoriesViewController.swift */,
				F72E2C2A28C2811900A69989 /* ImagesViewController.swift */,
				F72E2C2C28C28B6800A69989 /* ShoppingListViewController.swift */,
				F72E2C4628C4976000A69989 /* ShoppingListTableViewCell.swift */,
			);
			path = View;
			sourceTree = "<group>";
		};
		F72E2C1B28C27F7E00A69989 /* ViewModel */ = {
			isa = PBXGroup;
			children = (
				F72E2C3028C3279400A69989 /* ShoppingListViewModel.swift */,
			);
			path = ViewModel;
			sourceTree = "<group>";
		};
		F72E2C1C28C27F8A00A69989 /* Helper */ = {
			isa = PBXGroup;
			children = (
				F72E2C3A28C45D0600A69989 /* ShoppingListsManager.swift */,
				F72E2C3C28C45D2300A69989 /* ItemsManager.swift */,
				F72E2C3E28C45D3400A69989 /* ImagesManager.swift */,
				F72E2C4028C45D4F00A69989 /* CategoriesManager.swift */,
				F72E2C4428C471C900A69989 /* UIViewController+Ext.swift */,
			);
			path = Helper;
			sourceTree = "<group>";
		};
		F72E2C1D28C27FD600A69989 /* Protocols */ = {
			isa = PBXGroup;
			children = (
				F72E2C2228C2804500A69989 /* MenuViewControllerDelegate.swift */,
				F72E2C2E28C28B9500A69989 /* ShoppingListViewControllerDelegate.swift */,
				F72E2C3428C335B800A69989 /* ShoppingListViewModelDelegate.swift */,
				F72E2C4228C45D8A00A69989 /* CoraDataManagerDelegate.swift */,
			);
			path = Protocols;
			sourceTree = "<group>";
		};
/* End PBXGroup section */

/* Begin PBXNativeTarget section */
		F72E2BFF28C27F2900A69989 /* ShoppingList */ = {
			isa = PBXNativeTarget;
			buildConfigurationList = F72E2C1728C27F2F00A69989 /* Build configuration list for PBXNativeTarget "ShoppingList" */;
			buildPhases = (
				F72E2BFC28C27F2900A69989 /* Sources */,
				F72E2BFD28C27F2900A69989 /* Frameworks */,
				F72E2BFE28C27F2900A69989 /* Resources */,
			);
			buildRules = (
			);
			dependencies = (
			);
			name = ShoppingList;
			productName = ShoppingList;
			productReference = F72E2C0028C27F2900A69989 /* ShoppingList.app */;
			productType = "com.apple.product-type.application";
		};
/* End PBXNativeTarget section */

/* Begin PBXProject section */
		F72E2BF828C27F2900A69989 /* Project object */ = {
			isa = PBXProject;
			attributes = {
				BuildIndependentTargetsInParallel = 1;
				LastSwiftUpdateCheck = 1300;
				LastUpgradeCheck = 1300;
				TargetAttributes = {
					F72E2BFF28C27F2900A69989 = {
						CreatedOnToolsVersion = 13.0;
					};
				};
			};
			buildConfigurationList = F72E2BFB28C27F2900A69989 /* Build configuration list for PBXProject "ShoppingList" */;
			compatibilityVersion = "Xcode 13.0";
			developmentRegion = en;
			hasScannedForEncodings = 0;
			knownRegions = (
				en,
				Base,
			);
			mainGroup = F72E2BF728C27F2900A69989;
			productRefGroup = F72E2C0128C27F2900A69989 /* Products */;
			projectDirPath = "";
			projectRoot = "";
			targets = (
				F72E2BFF28C27F2900A69989 /* ShoppingList */,
			);
		};
/* End PBXProject section */

/* Begin PBXResourcesBuildPhase section */
		F72E2BFE28C27F2900A69989 /* Resources */ = {
			isa = PBXResourcesBuildPhase;
			buildActionMask = 2147483647;
			files = (
				F72E2C1328C27F2F00A69989 /* LaunchScreen.storyboard in Resources */,
				F72E2C1028C27F2F00A69989 /* Assets.xcassets in Resources */,
			);
			runOnlyForDeploymentPostprocessing = 0;
		};
/* End PBXResourcesBuildPhase section */

/* Begin PBXSourcesBuildPhase section */
		F72E2BFC28C27F2900A69989 /* Sources */ = {
			isa = PBXSourcesBuildPhase;
			buildActionMask = 2147483647;
			files = (
				F72E2C2D28C28B6800A69989 /* ShoppingListViewController.swift in Sources */,
				F72E2C2B28C2811900A69989 /* ImagesViewController.swift in Sources */,
				F72E2C0E28C27F2A00A69989 /* ShoppingList.xcdatamodeld in Sources */,
				F72E2C0428C27F2900A69989 /* AppDelegate.swift in Sources */,
				F72E2C2928C280F900A69989 /* CategoriesViewController.swift in Sources */,
				F72E2C3528C335B800A69989 /* ShoppingListViewModelDelegate.swift in Sources */,
				F72E2C3B28C45D0600A69989 /* ShoppingListsManager.swift in Sources */,
				F72E2C2328C2804500A69989 /* MenuViewControllerDelegate.swift in Sources */,
				F72E2C4528C471C900A69989 /* UIViewController+Ext.swift in Sources */,
				F72E2C4728C4976000A69989 /* ShoppingListTableViewCell.swift in Sources */,
				F72E2C3D28C45D2300A69989 /* ItemsManager.swift in Sources */,
				F72E2C2528C2808500A69989 /* MenuViewController.swift in Sources */,
				F72E2C4328C45D8A00A69989 /* CoraDataManagerDelegate.swift in Sources */,
				F72E2C2F28C28B9500A69989 /* ShoppingListViewControllerDelegate.swift in Sources */,
				F72E2C1F28C2800F00A69989 /* ContainerViewController.swift in Sources */,
				F72E2C4128C45D4F00A69989 /* CategoriesManager.swift in Sources */,
				F72E2C3128C3279400A69989 /* ShoppingListViewModel.swift in Sources */,
				F72E2C0628C27F2900A69989 /* SceneDelegate.swift in Sources */,
				F72E2C3F28C45D3400A69989 /* ImagesManager.swift in Sources */,
			);
			runOnlyForDeploymentPostprocessing = 0;
		};
/* End PBXSourcesBuildPhase section */

/* Begin PBXVariantGroup section */
		F72E2C1128C27F2F00A69989 /* LaunchScreen.storyboard */ = {
			isa = PBXVariantGroup;
			children = (
				F72E2C1228C27F2F00A69989 /* Base */,
			);
			name = LaunchScreen.storyboard;
			sourceTree = "<group>";
		};
/* End PBXVariantGroup section */

/* Begin XCBuildConfiguration section */
		F72E2C1528C27F2F00A69989 /* Debug */ = {
			isa = XCBuildConfiguration;
			buildSettings = {
				ALWAYS_SEARCH_USER_PATHS = NO;
				CLANG_ANALYZER_NONNULL = YES;
				CLANG_ANALYZER_NUMBER_OBJECT_CONVERSION = YES_AGGRESSIVE;
				CLANG_CXX_LANGUAGE_STANDARD = "gnu++17";
				CLANG_CXX_LIBRARY = "libc++";
				CLANG_ENABLE_MODULES = YES;
				CLANG_ENABLE_OBJC_ARC = YES;
				CLANG_ENABLE_OBJC_WEAK = YES;
				CLANG_WARN_BLOCK_CAPTURE_AUTORELEASING = YES;
				CLANG_WARN_BOOL_CONVERSION = YES;
				CLANG_WARN_COMMA = YES;
				CLANG_WARN_CONSTANT_CONVERSION = YES;
				CLANG_WARN_DEPRECATED_OBJC_IMPLEMENTATIONS = YES;
				CLANG_WARN_DIRECT_OBJC_ISA_USAGE = YES_ERROR;
				CLANG_WARN_DOCUMENTATION_COMMENTS = YES;
				CLANG_WARN_EMPTY_BODY = YES;
				CLANG_WARN_ENUM_CONVERSION = YES;
				CLANG_WARN_INFINITE_RECURSION = YES;
				CLANG_WARN_INT_CONVERSION = YES;
				CLANG_WARN_NON_LITERAL_NULL_CONVERSION = YES;
				CLANG_WARN_OBJC_IMPLICIT_RETAIN_SELF = YES;
				CLANG_WARN_OBJC_LITERAL_CONVERSION = YES;
				CLANG_WARN_OBJC_ROOT_CLASS = YES_ERROR;
				CLANG_WARN_QUOTED_INCLUDE_IN_FRAMEWORK_HEADER = YES;
				CLANG_WARN_RANGE_LOOP_ANALYSIS = YES;
				CLANG_WARN_STRICT_PROTOTYPES = YES;
				CLANG_WARN_SUSPICIOUS_MOVE = YES;
				CLANG_WARN_UNGUARDED_AVAILABILITY = YES_AGGRESSIVE;
				CLANG_WARN_UNREACHABLE_CODE = YES;
				CLANG_WARN__DUPLICATE_METHOD_MATCH = YES;
				COPY_PHASE_STRIP = NO;
				DEBUG_INFORMATION_FORMAT = dwarf;
				ENABLE_STRICT_OBJC_MSGSEND = YES;
				ENABLE_TESTABILITY = YES;
				GCC_C_LANGUAGE_STANDARD = gnu11;
				GCC_DYNAMIC_NO_PIC = NO;
				GCC_NO_COMMON_BLOCKS = YES;
				GCC_OPTIMIZATION_LEVEL = 0;
				GCC_PREPROCESSOR_DEFINITIONS = (
					"DEBUG=1",
					"$(inherited)",
				);
				GCC_WARN_64_TO_32_BIT_CONVERSION = YES;
				GCC_WARN_ABOUT_RETURN_TYPE = YES_ERROR;
				GCC_WARN_UNDECLARED_SELECTOR = YES;
				GCC_WARN_UNINITIALIZED_AUTOS = YES_AGGRESSIVE;
				GCC_WARN_UNUSED_FUNCTION = YES;
				GCC_WARN_UNUSED_VARIABLE = YES;
				IPHONEOS_DEPLOYMENT_TARGET = 15.0;
				MTL_ENABLE_DEBUG_INFO = INCLUDE_SOURCE;
				MTL_FAST_MATH = YES;
				ONLY_ACTIVE_ARCH = YES;
				SDKROOT = iphoneos;
				SWIFT_ACTIVE_COMPILATION_CONDITIONS = DEBUG;
				SWIFT_OPTIMIZATION_LEVEL = "-Onone";
			};
			name = Debug;
		};
		F72E2C1628C27F2F00A69989 /* Release */ = {
			isa = XCBuildConfiguration;
			buildSettings = {
				ALWAYS_SEARCH_USER_PATHS = NO;
				CLANG_ANALYZER_NONNULL = YES;
				CLANG_ANALYZER_NUMBER_OBJECT_CONVERSION = YES_AGGRESSIVE;
				CLANG_CXX_LANGUAGE_STANDARD = "gnu++17";
				CLANG_CXX_LIBRARY = "libc++";
				CLANG_ENABLE_MODULES = YES;
				CLANG_ENABLE_OBJC_ARC = YES;
				CLANG_ENABLE_OBJC_WEAK = YES;
				CLANG_WARN_BLOCK_CAPTURE_AUTORELEASING = YES;
				CLANG_WARN_BOOL_CONVERSION = YES;
				CLANG_WARN_COMMA = YES;
				CLANG_WARN_CONSTANT_CONVERSION = YES;
				CLANG_WARN_DEPRECATED_OBJC_IMPLEMENTATIONS = YES;
				CLANG_WARN_DIRECT_OBJC_ISA_USAGE = YES_ERROR;
				CLANG_WARN_DOCUMENTATION_COMMENTS = YES;
				CLANG_WARN_EMPTY_BODY = YES;
				CLANG_WARN_ENUM_CONVERSION = YES;
				CLANG_WARN_INFINITE_RECURSION = YES;
				CLANG_WARN_INT_CONVERSION = YES;
				CLANG_WARN_NON_LITERAL_NULL_CONVERSION = YES;
				CLANG_WARN_OBJC_IMPLICIT_RETAIN_SELF = YES;
				CLANG_WARN_OBJC_LITERAL_CONVERSION = YES;
				CLANG_WARN_OBJC_ROOT_CLASS = YES_ERROR;
				CLANG_WARN_QUOTED_INCLUDE_IN_FRAMEWORK_HEADER = YES;
				CLANG_WARN_RANGE_LOOP_ANALYSIS = YES;
				CLANG_WARN_STRICT_PROTOTYPES = YES;
				CLANG_WARN_SUSPICIOUS_MOVE = YES;
				CLANG_WARN_UNGUARDED_AVAILABILITY = YES_AGGRESSIVE;
				CLANG_WARN_UNREACHABLE_CODE = YES;
				CLANG_WARN__DUPLICATE_METHOD_MATCH = YES;
				COPY_PHASE_STRIP = NO;
				DEBUG_INFORMATION_FORMAT = "dwarf-with-dsym";
				ENABLE_NS_ASSERTIONS = NO;
				ENABLE_STRICT_OBJC_MSGSEND = YES;
				GCC_C_LANGUAGE_STANDARD = gnu11;
				GCC_NO_COMMON_BLOCKS = YES;
				GCC_WARN_64_TO_32_BIT_CONVERSION = YES;
				GCC_WARN_ABOUT_RETURN_TYPE = YES_ERROR;
				GCC_WARN_UNDECLARED_SELECTOR = YES;
				GCC_WARN_UNINITIALIZED_AUTOS = YES_AGGRESSIVE;
				GCC_WARN_UNUSED_FUNCTION = YES;
				GCC_WARN_UNUSED_VARIABLE = YES;
				IPHONEOS_DEPLOYMENT_TARGET = 15.0;
				MTL_ENABLE_DEBUG_INFO = NO;
				MTL_FAST_MATH = YES;
				SDKROOT = iphoneos;
				SWIFT_COMPILATION_MODE = wholemodule;
				SWIFT_OPTIMIZATION_LEVEL = "-O";
				VALIDATE_PRODUCT = YES;
			};
			name = Release;
		};
		F72E2C1828C27F2F00A69989 /* Debug */ = {
			isa = XCBuildConfiguration;
			buildSettings = {
				ASSETCATALOG_COMPILER_APPICON_NAME = AppIcon;
				ASSETCATALOG_COMPILER_GLOBAL_ACCENT_COLOR_NAME = AccentColor;
				CODE_SIGN_STYLE = Automatic;
				CURRENT_PROJECT_VERSION = 1;
				DEVELOPMENT_TEAM = 8945457R7S;
				GENERATE_INFOPLIST_FILE = YES;
				INFOPLIST_FILE = ShoppingList/Info.plist;
				INFOPLIST_KEY_UIApplicationSupportsIndirectInputEvents = YES;
				INFOPLIST_KEY_UILaunchStoryboardName = LaunchScreen;
				INFOPLIST_KEY_UISupportedInterfaceOrientations_iPad = "UIInterfaceOrientationPortrait UIInterfaceOrientationPortraitUpsideDown UIInterfaceOrientationLandscapeLeft UIInterfaceOrientationLandscapeRight";
				INFOPLIST_KEY_UISupportedInterfaceOrientations_iPhone = "UIInterfaceOrientationPortrait UIInterfaceOrientationLandscapeLeft UIInterfaceOrientationLandscapeRight";
				LD_RUNPATH_SEARCH_PATHS = (
					"$(inherited)",
					"@executable_path/Frameworks",
				);
				MARKETING_VERSION = 1.0;
				PRODUCT_BUNDLE_IDENTIFIER = habipyesilyurt.ShoppingList;
				PRODUCT_NAME = "$(TARGET_NAME)";
				SWIFT_EMIT_LOC_STRINGS = YES;
				SWIFT_VERSION = 5.0;
				TARGETED_DEVICE_FAMILY = "1,2";
			};
			name = Debug;
		};
		F72E2C1928C27F2F00A69989 /* Release */ = {
			isa = XCBuildConfiguration;
			buildSettings = {
				ASSETCATALOG_COMPILER_APPICON_NAME = AppIcon;
				ASSETCATALOG_COMPILER_GLOBAL_ACCENT_COLOR_NAME = AccentColor;
				CODE_SIGN_STYLE = Automatic;
				CURRENT_PROJECT_VERSION = 1;
				DEVELOPMENT_TEAM = 8945457R7S;
				GENERATE_INFOPLIST_FILE = YES;
				INFOPLIST_FILE = ShoppingList/Info.plist;
				INFOPLIST_KEY_UIApplicationSupportsIndirectInputEvents = YES;
				INFOPLIST_KEY_UILaunchStoryboardName = LaunchScreen;
				INFOPLIST_KEY_UISupportedInterfaceOrientations_iPad = "UIInterfaceOrientationPortrait UIInterfaceOrientationPortraitUpsideDown UIInterfaceOrientationLandscapeLeft UIInterfaceOrientationLandscapeRight";
				INFOPLIST_KEY_UISupportedInterfaceOrientations_iPhone = "UIInterfaceOrientationPortrait UIInterfaceOrientationLandscapeLeft UIInterfaceOrientationLandscapeRight";
				LD_RUNPATH_SEARCH_PATHS = (
					"$(inherited)",
					"@executable_path/Frameworks",
				);
				MARKETING_VERSION = 1.0;
				PRODUCT_BUNDLE_IDENTIFIER = habipyesilyurt.ShoppingList;
				PRODUCT_NAME = "$(TARGET_NAME)";
				SWIFT_EMIT_LOC_STRINGS = YES;
				SWIFT_VERSION = 5.0;
				TARGETED_DEVICE_FAMILY = "1,2";
			};
			name = Release;
		};
/* End XCBuildConfiguration section */

/* Begin XCConfigurationList section */
		F72E2BFB28C27F2900A69989 /* Build configuration list for PBXProject "ShoppingList" */ = {
			isa = XCConfigurationList;
			buildConfigurations = (
				F72E2C1528C27F2F00A69989 /* Debug */,
				F72E2C1628C27F2F00A69989 /* Release */,
			);
			defaultConfigurationIsVisible = 0;
			defaultConfigurationName = Release;
		};
		F72E2C1728C27F2F00A69989 /* Build configuration list for PBXNativeTarget "ShoppingList" */ = {
			isa = XCConfigurationList;
			buildConfigurations = (
				F72E2C1828C27F2F00A69989 /* Debug */,
				F72E2C1928C27F2F00A69989 /* Release */,
			);
			defaultConfigurationIsVisible = 0;
			defaultConfigurationName = Release;
		};
/* End XCConfigurationList section */

/* Begin XCVersionGroup section */
		F72E2C0C28C27F2A00A69989 /* ShoppingList.xcdatamodeld */ = {
			isa = XCVersionGroup;
			children = (
				F72E2C0D28C27F2A00A69989 /* ShoppingList.xcdatamodel */,
			);
			currentVersion = F72E2C0D28C27F2A00A69989 /* ShoppingList.xcdatamodel */;
			path = ShoppingList.xcdatamodeld;
			sourceTree = "<group>";
			versionGroupType = wrapper.xcdatamodel;
		};
/* End XCVersionGroup section */
	};
	rootObject = F72E2BF828C27F2900A69989 /* Project object */;
}
